
Microsoft Visual Studio Solution File, Format Version 12.00
# Visual Studio 15
VisualStudioVersion = 15.0.27130.2026
MinimumVisualStudioVersion = 10.0.40219.1
Project("{FAE04EC0-301F-11D3-BF4B-00C04F79EFBC}") = "[COMPI]Proyecto1", "[COMPI]Proyecto1\[COMPI]Proyecto1.csproj", "{C00F62F6-D5DE-4E88-B15A-62218F6F6B06}"
EndProject
Project("{FAE04EC0-301F-11D3-BF4B-00C04F79EFBC}") = "[COMPI]Proyecto1Tests", "[COMPI]Proyecto1Tests\[COMPI]Proyecto1Tests.csproj", "{24628D7A-D881-4365-BCF7-5A3A1778EECF}"
EndProject
Global
	GlobalSection(SolutionConfigurationPlatforms) = preSolution
		Debug|Any CPU = Debug|Any CPU
		Release|Any CPU = Release|Any CPU
	EndGlobalSection
	GlobalSection(ProjectConfigurationPlatforms) = postSolution
		{C00F62F6-D5DE-4E88-B15A-62218F6F6B06}.Debug|Any CPU.ActiveCfg = Debug|Any CPU
		{C00F62F6-D5DE-4E88-B15A-62218F6F6B06}.Debug|Any CPU.Build.0 = Debug|Any CPU
		{C00F62F6-D5DE-4E88-B15A-62218F6F6B06}.Release|Any CPU.ActiveCfg = Release|Any CPU
		{C00F62F6-D5DE-4E88-B15A-62218F6F6B06}.Release|Any CPU.Build.0 = Release|Any CPU
		{24628D7A-D881-4365-BCF7-5A3A1778EECF}.Debug|Any CPU.ActiveCfg = Debug|Any CPU
		{24628D7A-D881-4365-BCF7-5A3A1778EECF}.Debug|Any CPU.Build.0 = Debug|Any CPU
		{24628D7A-D881-4365-BCF7-5A3A1778EECF}.Release|Any CPU.ActiveCfg = Release|Any CPU
		{24628D7A-D881-4365-BCF7-5A3A1778EECF}.Release|Any CPU.Build.0 = Release|Any CPU
	EndGlobalSection
	GlobalSection(SolutionProperties) = preSolution
		HideSolutionNode = FALSE
	EndGlobalSection
	GlobalSection(ExtensibilityGlobals) = postSolution
		SolutionGuid = {F8CD851D-CB7F-4391-A38A-A44D2BA8C1A6}
	EndGlobalSection
EndGlobal
